
Microsoft Visual Studio Solution File, Format Version 12.00
# Visual Studio Version 17
VisualStudioVersion = 17.9.34728.123
MinimumVisualStudioVersion = 10.0.40219.1
Project("{FAE04EC0-301F-11D3-BF4B-00C04F79EFBC}") = "SistemaInventarioV8", "SistemaInventarioV8\SistemaInventarioV8.csproj", "{4ED08AA8-1FCE-4B99-A678-B230EC486CAF}"
EndProject
Global
	GlobalSection(SolutionConfigurationPlatforms) = preSolution
		Debug|Any CPU = Debug|Any CPU
		Release|Any CPU = Release|Any CPU
	EndGlobalSection
	GlobalSection(ProjectConfigurationPlatforms) = postSolution
		{4ED08AA8-1FCE-4B99-A678-B230EC486CAF}.Debug|Any CPU.ActiveCfg = Debug|Any CPU
		{4ED08AA8-1FCE-4B99-A678-B230EC486CAF}.Debug|Any CPU.Build.0 = Debug|Any CPU
		{4ED08AA8-1FCE-4B99-A678-B230EC486CAF}.Release|Any CPU.ActiveCfg = Release|Any CPU
		{4ED08AA8-1FCE-4B99-A678-B230EC486CAF}.Release|Any CPU.Build.0 = Release|Any CPU
	EndGlobalSection
	GlobalSection(SolutionProperties) = preSolution
		HideSolutionNode = FALSE
	EndGlobalSection
	GlobalSection(ExtensibilityGlobals) = postSolution
		SolutionGuid = {BC60E8A4-2B0B-4088-9E47-E0F61C8493DF}
	EndGlobalSection
EndGlobal
